
Microsoft Visual Studio Solution File, Format Version 10.00
# Visual Studio 2008
Project("{FAE04EC0-301F-11D3-BF4B-00C04F79EFBC}") = "WebApplication1", "WebApplication1\WebApplication1.csproj", "{7A3B6B3B-0DD3-4209-843F-DCE8252AF64B}"
EndProject
Project("{F184B08F-C81C-45F6-A57F-5ABD9991F28F}") = "BSVICROIBL", "BSVICROIBL\BSVICROIBL.vbproj", "{A8419A1C-45A1-476A-9BF5-2BCBDD7458AA}"
EndProject
Project("{F184B08F-C81C-45F6-A57F-5ABD9991F28F}") = "BSVICROIDAL", "BSVICROIDAL\BSVICROIDAL.vbproj", "{1EC4DCBB-157E-4D16-87DA-518676B14B8F}"
EndProject
Project("{FAE04EC0-301F-11D3-BF4B-00C04F79EFBC}") = "BSVICROIDBADAPTOR", "BSVICROIDBADAPTOR\BSVICROIDBADAPTOR.csproj", "{8B5BD584-FDE4-4B7C-9DF8-908E310163EB}"
EndProject
Project("{F184B08F-C81C-45F6-A57F-5ABD9991F28F}") = "BSVICROIEntity", "BSVICROIEntity\BSVICROIEntity.vbproj", "{A2886E72-0B4F-4810-83D4-12ACDCBEC13C}"
EndProject
Project("{FAE04EC0-301F-11D3-BF4B-00C04F79EFBC}") = "SuperTRUMPAllDeal", "SuperTRUMPAllDeal\SuperTRUMPAllDeal.csproj", "{73063BEF-4235-40D5-ADA4-97E302162446}"
EndProject
Project("{FAE04EC0-301F-11D3-BF4B-00C04F79EFBC}") = "SuperTRUMPAllDealHost", "SuperTRUMPAllDealHost\SuperTRUMPAllDealHost.csproj", "{739C572D-9D62-44B2-8751-A078E85831A0}"
EndProject
Project("{F184B08F-C81C-45F6-A57F-5ABD9991F28F}") = "SuperTRUMPCommon", "SuperTRUMPCommon\SuperTRUMPCommon.vbproj", "{5BF692EA-FACF-4674-9631-0390D04F7859}"
EndProject
Global
	GlobalSection(SolutionConfigurationPlatforms) = preSolution
		Debug|Any CPU = Debug|Any CPU
		Release|Any CPU = Release|Any CPU
	EndGlobalSection
	GlobalSection(ProjectConfigurationPlatforms) = postSolution
		{7A3B6B3B-0DD3-4209-843F-DCE8252AF64B}.Debug|Any CPU.ActiveCfg = Debug|Any CPU
		{7A3B6B3B-0DD3-4209-843F-DCE8252AF64B}.Debug|Any CPU.Build.0 = Debug|Any CPU
		{7A3B6B3B-0DD3-4209-843F-DCE8252AF64B}.Release|Any CPU.ActiveCfg = Release|Any CPU
		{7A3B6B3B-0DD3-4209-843F-DCE8252AF64B}.Release|Any CPU.Build.0 = Release|Any CPU
		{A8419A1C-45A1-476A-9BF5-2BCBDD7458AA}.Debug|Any CPU.ActiveCfg = Debug|Any CPU
		{A8419A1C-45A1-476A-9BF5-2BCBDD7458AA}.Debug|Any CPU.Build.0 = Debug|Any CPU
		{A8419A1C-45A1-476A-9BF5-2BCBDD7458AA}.Release|Any CPU.ActiveCfg = Release|Any CPU
		{A8419A1C-45A1-476A-9BF5-2BCBDD7458AA}.Release|Any CPU.Build.0 = Release|Any CPU
		{1EC4DCBB-157E-4D16-87DA-518676B14B8F}.Debug|Any CPU.ActiveCfg = Debug|Any CPU
		{1EC4DCBB-157E-4D16-87DA-518676B14B8F}.Debug|Any CPU.Build.0 = Debug|Any CPU
		{1EC4DCBB-157E-4D16-87DA-518676B14B8F}.Release|Any CPU.ActiveCfg = Release|Any CPU
		{1EC4DCBB-157E-4D16-87DA-518676B14B8F}.Release|Any CPU.Build.0 = Release|Any CPU
		{8B5BD584-FDE4-4B7C-9DF8-908E310163EB}.Debug|Any CPU.ActiveCfg = Debug|Any CPU
		{8B5BD584-FDE4-4B7C-9DF8-908E310163EB}.Debug|Any CPU.Build.0 = Debug|Any CPU
		{8B5BD584-FDE4-4B7C-9DF8-908E310163EB}.Release|Any CPU.ActiveCfg = Release|Any CPU
		{8B5BD584-FDE4-4B7C-9DF8-908E310163EB}.Release|Any CPU.Build.0 = Release|Any CPU
		{A2886E72-0B4F-4810-83D4-12ACDCBEC13C}.Debug|Any CPU.ActiveCfg = Debug|Any CPU
		{A2886E72-0B4F-4810-83D4-12ACDCBEC13C}.Debug|Any CPU.Build.0 = Debug|Any CPU
		{A2886E72-0B4F-4810-83D4-12ACDCBEC13C}.Release|Any CPU.ActiveCfg = Release|Any CPU
		{A2886E72-0B4F-4810-83D4-12ACDCBEC13C}.Release|Any CPU.Build.0 = Release|Any CPU
		{73063BEF-4235-40D5-ADA4-97E302162446}.Debug|Any CPU.ActiveCfg = Debug|Any CPU
		{73063BEF-4235-40D5-ADA4-97E302162446}.Debug|Any CPU.Build.0 = Debug|Any CPU
		{73063BEF-4235-40D5-ADA4-97E302162446}.Release|Any CPU.ActiveCfg = Release|Any CPU
		{73063BEF-4235-40D5-ADA4-97E302162446}.Release|Any CPU.Build.0 = Release|Any CPU
		{739C572D-9D62-44B2-8751-A078E85831A0}.Debug|Any CPU.ActiveCfg = Debug|Any CPU
		{739C572D-9D62-44B2-8751-A078E85831A0}.Debug|Any CPU.Build.0 = Debug|Any CPU
		{739C572D-9D62-44B2-8751-A078E85831A0}.Release|Any CPU.ActiveCfg = Release|Any CPU
		{739C572D-9D62-44B2-8751-A078E85831A0}.Release|Any CPU.Build.0 = Release|Any CPU
		{5BF692EA-FACF-4674-9631-0390D04F7859}.Debug|Any CPU.ActiveCfg = Debug|Any CPU
		{5BF692EA-FACF-4674-9631-0390D04F7859}.Debug|Any CPU.Build.0 = Debug|Any CPU
		{5BF692EA-FACF-4674-9631-0390D04F7859}.Release|Any CPU.ActiveCfg = Release|Any CPU
		{5BF692EA-FACF-4674-9631-0390D04F7859}.Release|Any CPU.Build.0 = Release|Any CPU
	EndGlobalSection
	GlobalSection(SolutionProperties) = preSolution
		HideSolutionNode = FALSE
	EndGlobalSection
EndGlobal
